
Microsoft Visual Studio Solution File, Format Version 12.00
# Visual Studio Version 17
VisualStudioVersion = 17.13.35828.75 d17.13
MinimumVisualStudioVersion = 10.0.40219.1
Project("{FAE04EC0-301F-11D3-BF4B-00C04F79EFBC}") = "28April.AdoNet+Dapper", "28April.AdoNet+Dapper\28April.AdoNet+Dapper.csproj", "{417C477C-477D-4F9B-BF48-D3564759E788}"
EndProject
Global
	GlobalSection(SolutionConfigurationPlatforms) = preSolution
		Debug|Any CPU = Debug|Any CPU
		Release|Any CPU = Release|Any CPU
	EndGlobalSection
	GlobalSection(ProjectConfigurationPlatforms) = postSolution
		{417C477C-477D-4F9B-BF48-D3564759E788}.Debug|Any CPU.ActiveCfg = Debug|Any CPU
		{417C477C-477D-4F9B-BF48-D3564759E788}.Debug|Any CPU.Build.0 = Debug|Any CPU
		{417C477C-477D-4F9B-BF48-D3564759E788}.Release|Any CPU.ActiveCfg = Release|Any CPU
		{417C477C-477D-4F9B-BF48-D3564759E788}.Release|Any CPU.Build.0 = Release|Any CPU
	EndGlobalSection
	GlobalSection(SolutionProperties) = preSolution
		HideSolutionNode = FALSE
	EndGlobalSection
	GlobalSection(ExtensibilityGlobals) = postSolution
		SolutionGuid = {7C641313-9195-444A-AC5D-547E5D235EA6}
	EndGlobalSection
EndGlobal
